PODS:
  - YetAnotherAnimationLibrary (1.4.0)

DEPENDENCIES:
  - YetAnotherAnimationLibrary

SPEC REPOS:
  trunk:
    - YetAnotherAnimationLibrary

SPEC CHECKSUMS:
  YetAnotherAnimationLibrary: 7f808b10c2d193dd3e82407e722fa60aa0bdff2d

PODFILE CHECKSUM: 767f1d0421aa62487b4e1ac322a6243fd7bb335f

COCOAPODS: 1.9.1
