// !$*UTF8*$!
{
	archiveVersion = 1;
	classes = {
	};
	objectVersion = 48;
	objects = {

/* Begin PBXBuildFile section */
		AF7EEB6EA09E43F794DCF9D4 /* Pods_test2.framework in Frameworks */ = {isa = PBXBuildFile; fileRef = 330F007B30A1992D1D431627 /* Pods_test2.framework */; };
		DC1EB4DE1FCD01FE00997EA7 /* PlayerViewController.swift in Sources */ = {isa = PBXBuildFile; fileRef = DC1EB4DD1FCD01FE00997EA7 /* PlayerViewController.swift */; };
		DC7A25991FC6DC210060BDCF /* AppDelegate.swift in Sources */ = {isa = PBXBuildFile; fileRef = DC7A25981FC6DC210060BDCF /* AppDelegate.swift */; };
		DC7A259B1FC6DC210060BDCF /* ViewController.swift in Sources */ = {isa = PBXBuildFile; fileRef = DC7A259A1FC6DC210060BDCF /* ViewController.swift */; };
		DC7A259E1FC6DC210060BDCF /* Main.storyboard in Resources */ = {isa = PBXBuildFile; fileRef = DC7A259C1FC6DC210060BDCF /* Main.storyboard */; };
		DC7A25A01FC6DC210060BDCF /* Assets.xcassets in Resources */ = {isa = PBXBuildFile; fileRef = DC7A259F1FC6DC210060BDCF /* Assets.xcassets */; };
		DC7A25A31FC6DC210060BDCF /* LaunchScreen.storyboard in Resources */ = {isa = PBXBuildFile; fileRef = DC7A25A11FC6DC210060BDCF /* LaunchScreen.storyboard */; };
/* End PBXBuildFile section */

/* Begin PBXFileReference section */
		330F007B30A1992D1D431627 /* Pods_test2.framework */ = {isa = PBXFileReference; explicitFileType = wrapper.framework; includeInIndex = 0; path = Pods_test2.framework; sourceTree = BUILT_PRODUCTS_DIR; };
		597605507A90D55386F1B2BA /* Pods-test2.release.xcconfig */ = {isa = PBXFileReference; includeInIndex = 1; lastKnownFileType = text.xcconfig; name = "Pods-test2.release.xcconfig"; path = "Pods/Target Support Files/Pods-test2/Pods-test2.release.xcconfig"; sourceTree = "<group>"; };
		C32FB98E2713D26694B297C2 /* Pods-test2.debug.xcconfig */ = {isa = PBXFileReference; includeInIndex = 1; lastKnownFileType = text.xcconfig; name = "Pods-test2.debug.xcconfig"; path = "Pods/Target Support Files/Pods-test2/Pods-test2.debug.xcconfig"; sourceTree = "<group>"; };
		DC1EB4DD1FCD01FE00997EA7 /* PlayerViewController.swift */ = {isa = PBXFileReference; lastKnownFileType = sourcecode.swift; path = PlayerViewController.swift; sourceTree = "<group>"; };
		DC7A25951FC6DC210060BDCF /* test2.app */ = {isa = PBXFileReference; explicitFileType = wrapper.application; includeInIndex = 0; path = test2.app; sourceTree = BUILT_PRODUCTS_DIR; };
		DC7A25981FC6DC210060BDCF /* AppDelegate.swift */ = {isa = PBXFileReference; lastKnownFileType = sourcecode.swift; path = AppDelegate.swift; sourceTree = "<group>"; };
		DC7A259A1FC6DC210060BDCF /* ViewController.swift */ = {isa = PBXFileReference; lastKnownFileType = sourcecode.swift; path = ViewController.swift; sourceTree = "<group>"; };
		DC7A259D1FC6DC210060BDCF /* Base */ = {isa = PBXFileReference; lastKnownFileType = file.storyboard; name = Base; path = Base.lproj/Main.storyboard; sourceTree = "<group>"; };
		DC7A259F1FC6DC210060BDCF /* Assets.xcassets */ = {isa = PBXFileReference; lastKnownFileType = folder.assetcatalog; path = Assets.xcassets; sourceTree = "<group>"; };
		DC7A25A21FC6DC210060BDCF /* Base */ = {isa = PBXFileReference; lastKnownFileType = file.storyboard; name = Base; path = Base.lproj/LaunchScreen.storyboard; sourceTree = "<group>"; };
		DC7A25A41FC6DC210060BDCF /* Info.plist */ = {isa = PBXFileReference; lastKnownFileType = text.plist.xml; path = Info.plist; sourceTree = "<group>"; };
		DCC6AE911FCD6F0C001C6325 /* test2.entitlements */ = {isa = PBXFileReference; lastKnownFileType = text.plist.entitlements; path = test2.entitlements; sourceTree = "<group>"; };
/* End PBXFileReference section */

/* Begin PBXFrameworksBuildPhase section */
		DC7A25921FC6DC210060BDCF /* Frameworks */ = {
			isa = PBXFrameworksBuildPhase;
			buildActionMask = 2147483647;
			files = (
				AF7EEB6EA09E43F794DCF9D4 /* Pods_test2.framework in Frameworks */,
			);
			runOnlyForDeploymentPostprocessing = 0;
		};
/* End PBXFrameworksBuildPhase section */

/* Begin PBXGroup section */
		1187F8FD611B81AC49874670 /* Pods */ = {
			isa = PBXGroup;
			children = (
				C32FB98E2713D26694B297C2 /* Pods-test2.debug.xcconfig */,
				597605507A90D55386F1B2BA /* Pods-test2.release.xcconfig */,
			);
			name = Pods;
			sourceTree = "<group>";
		};
		7E58D7DBCF9E7FE8A8B1715E /* Frameworks */ = {
			isa = PBXGroup;
			children = (
				330F007B30A1992D1D431627 /* Pods_test2.framework */,
			);
			name = Frameworks;
			sourceTree = "<group>";
		};
		DC7A258C1FC6DC210060BDCF = {
			isa = PBXGroup;
			children = (
				DC7A25971FC6DC210060BDCF /* test2 */,
				DC7A25961FC6DC210060BDCF /* Products */,
				1187F8FD611B81AC49874670 /* Pods */,
				7E58D7DBCF9E7FE8A8B1715E /* Frameworks */,
			);
			sourceTree = "<group>";
		};
		DC7A25961FC6DC210060BDCF /* Products */ = {
			isa = PBXGroup;
			children = (
				DC7A25951FC6DC210060BDCF /* test2.app */,
			);
			name = Products;
			sourceTree = "<group>";
		};
		DC7A25971FC6DC210060BDCF /* test2 */ = {
			isa = PBXGroup;
			children = (
				DCC6AE911FCD6F0C001C6325 /* test2.entitlements */,
				DC7A25981FC6DC210060BDCF /* AppDelegate.swift */,
				DC7A259A1FC6DC210060BDCF /* ViewController.swift */,
				DC1EB4DD1FCD01FE00997EA7 /* PlayerViewController.swift */,
				DC7A259C1FC6DC210060BDCF /* Main.storyboard */,
				DC7A259F1FC6DC210060BDCF /* Assets.xcassets */,
				DC7A25A11FC6DC210060BDCF /* LaunchScreen.storyboard */,
				DC7A25A41FC6DC210060BDCF /* Info.plist */,
			);
			path = test2;
			sourceTree = "<group>";
		};
/* End PBXGroup section */

/* Begin PBXNativeTarget section */
		DC7A25941FC6DC210060BDCF /* test2 */ = {
			isa = PBXNativeTarget;
			buildConfigurationList = DC7A25A71FC6DC210060BDCF /* Build configuration list for PBXNativeTarget "test2" */;
			buildPhases = (
				9B17D3044EA94164E055EE27 /* [CP] Check Pods Manifest.lock */,
				DC7A25911FC6DC210060BDCF /* Sources */,
				DC7A25921FC6DC210060BDCF /* Frameworks */,
				DC7A25931FC6DC210060BDCF /* Resources */,
				8ED0D0600FE3D128E048C2FA /* [CP] Embed Pods Frameworks */,
			);
			buildRules = (
			);
			dependencies = (
			);
			name = test2;
			productName = test2;
			productReference = DC7A25951FC6DC210060BDCF /* test2.app */;
			productType = "com.apple.product-type.application";
		};
/* End PBXNativeTarget section */

/* Begin PBXProject section */
		DC7A258D1FC6DC210060BDCF /* Project object */ = {
			isa = PBXProject;
			attributes = {
				LastSwiftUpdateCheck = 0910;
				LastUpgradeCheck = 0910;
				ORGANIZATIONNAME = "Dustin Doan";
				TargetAttributes = {
					DC7A25941FC6DC210060BDCF = {
						CreatedOnToolsVersion = 9.1;
						ProvisioningStyle = Manual;
						SystemCapabilities = {
							com.apple.Push = {
								enabled = 0;
							};
						};
					};
				};
			};
			buildConfigurationList = DC7A25901FC6DC210060BDCF /* Build configuration list for PBXProject "test2" */;
			compatibilityVersion = "Xcode 8.0";
			developmentRegion = en;
			hasScannedForEncodings = 0;
			knownRegions = (
				en,
				Base,
			);
			mainGroup = DC7A258C1FC6DC210060BDCF;
			productRefGroup = DC7A25961FC6DC210060BDCF /* Products */;
			projectDirPath = "";
			projectRoot = "";
			targets = (
				DC7A25941FC6DC210060BDCF /* test2 */,
			);
		};
/* End PBXProject section */

/* Begin PBXResourcesBuildPhase section */
		DC7A25931FC6DC210060BDCF /* Resources */ = {
			isa = PBXResourcesBuildPhase;
			buildActionMask = 2147483647;
			files = (
				DC7A25A31FC6DC210060BDCF /* LaunchScreen.storyboard in Resources */,
				DC7A25A01FC6DC210060BDCF /* Assets.xcassets in Resources */,
				DC7A259E1FC6DC210060BDCF /* Main.storyboard in Resources */,
			);
			runOnlyForDeploymentPostprocessing = 0;
		};
/* End PBXResourcesBuildPhase section */

/* Begin PBXShellScriptBuildPhase section */
		8ED0D0600FE3D128E048C2FA /* [CP] Embed Pods Frameworks */ = {
			isa = PBXShellScriptBuildPhase;
			buildActionMask = 2147483647;
			files = (
			);
			inputPaths = (
				"${PODS_ROOT}/Target Support Files/Pods-test2/Pods-test2-frameworks.sh",
				"${BUILT_PRODUCTS_DIR}/SnapKit/SnapKit.framework",
				"${BUILT_PRODUCTS_DIR}/YetAnotherAnimationLibrary/YetAnotherAnimationLibrary.framework",
			);
			name = "[CP] Embed Pods Frameworks";
			outputPaths = (
				"${TARGET_BUILD_DIR}/${FRAMEWORKS_FOLDER_PATH}/SnapKit.framework",
				"${TARGET_BUILD_DIR}/${FRAMEWORKS_FOLDER_PATH}/YetAnotherAnimationLibrary.framework",
			);
			runOnlyForDeploymentPostprocessing = 0;
			shellPath = /bin/sh;
			shellScript = "\"${PODS_ROOT}/Target Support Files/Pods-test2/Pods-test2-frameworks.sh\"\n";
			showEnvVarsInLog = 0;
		};
		9B17D3044EA94164E055EE27 /* [CP] Check Pods Manifest.lock */ = {
			isa = PBXShellScriptBuildPhase;
			buildActionMask = 2147483647;
			files = (
			);
			inputPaths = (
				"${PODS_PODFILE_DIR_PATH}/Podfile.lock",
				"${PODS_ROOT}/Manifest.lock",
			);
			name = "[CP] Check Pods Manifest.lock";
			outputPaths = (
				"$(DERIVED_FILE_DIR)/Pods-test2-checkManifestLockResult.txt",
			);
			runOnlyForDeploymentPostprocessing = 0;
			shellPath = /bin/sh;
			shellScript = "diff \"${PODS_PODFILE_DIR_PATH}/Podfile.lock\" \"${PODS_ROOT}/Manifest.lock\" > /dev/null\nif [ $? != 0 ] ; then\n    # print error to STDERR\n    echo \"error: The sandbox is not in sync with the Podfile.lock. Run 'pod install' or update your CocoaPods installation.\" >&2\n    exit 1\nfi\n# This output is used by Xcode 'outputs' to avoid re-running this script phase.\necho \"SUCCESS\" > \"${SCRIPT_OUTPUT_FILE_0}\"\n";
			showEnvVarsInLog = 0;
		};
/* End PBXShellScriptBuildPhase section */

/* Begin PBXSourcesBuildPhase section */
		DC7A25911FC6DC210060BDCF /* Sources */ = {
			isa = PBXSourcesBuildPhase;
			buildActionMask = 2147483647;
			files = (
				DC7A259B1FC6DC210060BDCF /* ViewController.swift in Sources */,
				DC1EB4DE1FCD01FE00997EA7 /* PlayerViewController.swift in Sources */,
				DC7A25991FC6DC210060BDCF /* AppDelegate.swift in Sources */,
			);
			runOnlyForDeploymentPostprocessing = 0;
		};
/* End PBXSourcesBuildPhase section */

/* Begin PBXVariantGroup section */
		DC7A259C1FC6DC210060BDCF /* Main.storyboard */ = {
			isa = PBXVariantGroup;
			children = (
				DC7A259D1FC6DC210060BDCF /* Base */,
			);
			name = Main.storyboard;
			sourceTree = "<group>";
		};
		DC7A25A11FC6DC210060BDCF /* LaunchScreen.storyboard */ = {
			isa = PBXVariantGroup;
			children = (
				DC7A25A21FC6DC210060BDCF /* Base */,
			);
			name = LaunchScreen.storyboard;
			sourceTree = "<group>";
		};
/* End PBXVariantGroup section */

/* Begin XCBuildConfiguration section */
		DC7A25A51FC6DC210060BDCF /* Debug */ = {
			isa = XCBuildConfiguration;
			buildSettings = {
				ALWAYS_SEARCH_USER_PATHS = NO;
				CLANG_ANALYZER_NONNULL = YES;
				CLANG_ANALYZER_NUMBER_OBJECT_CONVERSION = YES_AGGRESSIVE;
				CLANG_CXX_LANGUAGE_STANDARD = "gnu++14";
				CLANG_CXX_LIBRARY = "libc++";
				CLANG_ENABLE_MODULES = YES;
				CLANG_ENABLE_OBJC_ARC = YES;
				CLANG_WARN_BLOCK_CAPTURE_AUTORELEASING = YES;
				CLANG_WARN_BOOL_CONVERSION = YES;
				CLANG_WARN_COMMA = YES;
				CLANG_WARN_CONSTANT_CONVERSION = YES;
				CLANG_WARN_DIRECT_OBJC_ISA_USAGE = YES_ERROR;
				CLANG_WARN_DOCUMENTATION_COMMENTS = YES;
				CLANG_WARN_EMPTY_BODY = YES;
				CLANG_WARN_ENUM_CONVERSION = YES;
				CLANG_WARN_INFINITE_RECURSION = YES;
				CLANG_WARN_INT_CONVERSION = YES;
				CLANG_WARN_NON_LITERAL_NULL_CONVERSION = YES;
				CLANG_WARN_OBJC_LITERAL_CONVERSION = YES;
				CLANG_WARN_OBJC_ROOT_CLASS = YES_ERROR;
				CLANG_WARN_RANGE_LOOP_ANALYSIS = YES;
				CLANG_WARN_STRICT_PROTOTYPES = YES;
				CLANG_WARN_SUSPICIOUS_MOVE = YES;
				CLANG_WARN_UNGUARDED_AVAILABILITY = YES_AGGRESSIVE;
				CLANG_WARN_UNREACHABLE_CODE = YES;
				CLANG_WARN__DUPLICATE_METHOD_MATCH = YES;
				CODE_SIGN_IDENTITY = "iPhone Developer";
				COPY_PHASE_STRIP = NO;
				DEBUG_INFORMATION_FORMAT = dwarf;
				ENABLE_STRICT_OBJC_MSGSEND = YES;
				ENABLE_TESTABILITY = YES;
				GCC_C_LANGUAGE_STANDARD = gnu11;
				GCC_DYNAMIC_NO_PIC = NO;
				GCC_NO_COMMON_BLOCKS = YES;
				GCC_OPTIMIZATION_LEVEL = 0;
				GCC_PREPROCESSOR_DEFINITIONS = (
					"DEBUG=1",
					"$(inherited)",
				);
				GCC_WARN_64_TO_32_BIT_CONVERSION = YES;
				GCC_WARN_ABOUT_RETURN_TYPE = YES_ERROR;
				GCC_WARN_UNDECLARED_SELECTOR = YES;
				GCC_WARN_UNINITIALIZED_AUTOS = YES_AGGRESSIVE;
				GCC_WARN_UNUSED_FUNCTION = YES;
				GCC_WARN_UNUSED_VARIABLE = YES;
				IPHONEOS_DEPLOYMENT_TARGET = 11.1;
				MTL_ENABLE_DEBUG_INFO = YES;
				ONLY_ACTIVE_ARCH = YES;
				SDKROOT = iphoneos;
				SWIFT_ACTIVE_COMPILATION_CONDITIONS = DEBUG;
				SWIFT_OPTIMIZATION_LEVEL = "-Onone";
			};
			name = Debug;
		};
		DC7A25A61FC6DC210060BDCF /* Release */ = {
			isa = XCBuildConfiguration;
			buildSettings = {
				ALWAYS_SEARCH_USER_PATHS = NO;
				CLANG_ANALYZER_NONNULL = YES;
				CLANG_ANALYZER_NUMBER_OBJECT_CONVERSION = YES_AGGRESSIVE;
				CLANG_CXX_LANGUAGE_STANDARD = "gnu++14";
				CLANG_CXX_LIBRARY = "libc++";
				CLANG_ENABLE_MODULES = YES;
				CLANG_ENABLE_OBJC_ARC = YES;
				CLANG_WARN_BLOCK_CAPTURE_AUTORELEASING = YES;
				CLANG_WARN_BOOL_CONVERSION = YES;
				CLANG_WARN_COMMA = YES;
				CLANG_WARN_CONSTANT_CONVERSION = YES;
				CLANG_WARN_DIRECT_OBJC_ISA_USAGE = YES_ERROR;
				CLANG_WARN_DOCUMENTATION_COMMENTS = YES;
				CLANG_WARN_EMPTY_BODY = YES;
				CLANG_WARN_ENUM_CONVERSION = YES;
				CLANG_WARN_INFINITE_RECURSION = YES;
				CLANG_WARN_INT_CONVERSION = YES;
				CLANG_WARN_NON_LITERAL_NULL_CONVERSION = YES;
				CLANG_WARN_OBJC_LITERAL_CONVERSION = YES;
				CLANG_WARN_OBJC_ROOT_CLASS = YES_ERROR;
				CLANG_WARN_RANGE_LOOP_ANALYSIS = YES;
				CLANG_WARN_STRICT_PROTOTYPES = YES;
				CLANG_WARN_SUSPICIOUS_MOVE = YES;
				CLANG_WARN_UNGUARDED_AVAILABILITY = YES_AGGRESSIVE;
				CLANG_WARN_UNREACHABLE_CODE = YES;
				CLANG_WARN__DUPLICATE_METHOD_MATCH = YES;
				CODE_SIGN_IDENTITY = "iPhone Developer";
				COPY_PHASE_STRIP = NO;
				DEBUG_INFORMATION_FORMAT = "dwarf-with-dsym";
				ENABLE_NS_ASSERTIONS = NO;
				ENABLE_STRICT_OBJC_MSGSEND = YES;
				GCC_C_LANGUAGE_STANDARD = gnu11;
				GCC_NO_COMMON_BLOCKS = YES;
				GCC_WARN_64_TO_32_BIT_CONVERSION = YES;
				GCC_WARN_ABOUT_RETURN_TYPE = YES_ERROR;
				GCC_WARN_UNDECLARED_SELECTOR = YES;
				GCC_WARN_UNINITIALIZED_AUTOS = YES_AGGRESSIVE;
				GCC_WARN_UNUSED_FUNCTION = YES;
				GCC_WARN_UNUSED_VARIABLE = YES;
				IPHONEOS_DEPLOYMENT_TARGET = 11.1;
				MTL_ENABLE_DEBUG_INFO = NO;
				SDKROOT = iphoneos;
				SWIFT_OPTIMIZATION_LEVEL = "-Owholemodule";
				VALIDATE_PRODUCT = YES;
			};
			name = Release;
		};
		DC7A25A81FC6DC210060BDCF /* Debug */ = {
			isa = XCBuildConfiguration;
			baseConfigurationReference = C32FB98E2713D26694B297C2 /* Pods-test2.debug.xcconfig */;
			buildSettings = {
				ASSETCATALOG_COMPILER_APPICON_NAME = AppIcon;
				CODE_SIGN_STYLE = Manual;
				DEVELOPMENT_TEAM = H5U672V2X2;
				INFOPLIST_FILE = test2/Info.plist;
				LD_RUNPATH_SEARCH_PATHS = "$(inherited) @executable_path/Frameworks";
				PRODUCT_BUNDLE_IDENTIFIER = com.smartmedia.test;
				PRODUCT_NAME = "$(TARGET_NAME)";
				PROVISIONING_PROFILE = "7dcd0b42-146b-453e-86f5-d2d0f664d447";
				PROVISIONING_PROFILE_SPECIFIER = "development all";
				SWIFT_VERSION = 4.0;
				TARGETED_DEVICE_FAMILY = "1,2";
			};
			name = Debug;
		};
		DC7A25A91FC6DC210060BDCF /* Release */ = {
			isa = XCBuildConfiguration;
			baseConfigurationReference = 597605507A90D55386F1B2BA /* Pods-test2.release.xcconfig */;
			buildSettings = {
				ASSETCATALOG_COMPILER_APPICON_NAME = AppIcon;
				CODE_SIGN_STYLE = Manual;
				DEVELOPMENT_TEAM = H5U672V2X2;
				INFOPLIST_FILE = test2/Info.plist;
				LD_RUNPATH_SEARCH_PATHS = "$(inherited) @executable_path/Frameworks";
				PRODUCT_BUNDLE_IDENTIFIER = com.smartmedia.test;
				PRODUCT_NAME = "$(TARGET_NAME)";
				PROVISIONING_PROFILE = "7dcd0b42-146b-453e-86f5-d2d0f664d447";
				PROVISIONING_PROFILE_SPECIFIER = "development all";
				SWIFT_VERSION = 4.0;
				TARGETED_DEVICE_FAMILY = "1,2";
			};
			name = Release;
		};
/* End XCBuildConfiguration section */

/* Begin XCConfigurationList section */
		DC7A25901FC6DC210060BDCF /* Build configuration list for PBXProject "test2" */ = {
			isa = XCConfigurationList;
			buildConfigurations = (
				DC7A25A51FC6DC210060BDCF /* Debug */,
				DC7A25A61FC6DC210060BDCF /* Release */,
			);
			defaultConfigurationIsVisible = 0;
			defaultConfigurationName = Release;
		};
		DC7A25A71FC6DC210060BDCF /* Build configuration list for PBXNativeTarget "test2" */ = {
			isa = XCConfigurationList;
			buildConfigurations = (
				DC7A25A81FC6DC210060BDCF /* Debug */,
				DC7A25A91FC6DC210060BDCF /* Release */,
			);
			defaultConfigurationIsVisible = 0;
			defaultConfigurationName = Release;
		};
/* End XCConfigurationList section */
	};
	rootObject = DC7A258D1FC6DC210060BDCF /* Project object */;
}
